# This file is automatically @generated by Cargo.
# It is not intended for manual editing.
version = 4

[[package]]
name = "ac-cli"
version = "0.1.0"

[[package]]
name = "ac-client-bot"
version = "0.1.0"

[[package]]
name = "ac-detectors"
version = "0.1.0"

[[package]]
name = "ac-protocol"
version = "0.1.0"

[[package]]
name = "ac-replay"
version = "0.1.0"

[[package]]
name = "ac-server"
version = "0.1.0"

[[package]]
name = "ac-telemetry"
version = "0.1.0"
